
Microsoft Visual Studio Solution File, Format Version 12.00
# Visual Studio Version 16
VisualStudioVersion = 16.0.28803.352
MinimumVisualStudioVersion = 10.0.40219.1
Project("{8BC9CEB8-8B4A-11D0-8D11-00A0C91BC942}") = "LRU Cache", "LRU Cache\LRU Cache.vcxproj", "{8A0768FD-B151-4E50-9624-56A7FE9F510D}"
EndProject
Global
	GlobalSection(SolutionConfigurationPlatforms) = preSolution
		Debug|x64 = Debug|x64
		Debug|x86 = Debug|x86
		Release|x64 = Release|x64
		Release|x86 = Release|x86
	EndGlobalSection
	GlobalSection(ProjectConfigurationPlatforms) = postSolution
		{8A0768FD-B151-4E50-9624-56A7FE9F510D}.Debug|x64.ActiveCfg = Debug|x64
		{8A0768FD-B151-4E50-9624-56A7FE9F510D}.Debug|x64.Build.0 = Debug|x64
		{8A0768FD-B151-4E50-9624-56A7FE9F510D}.Debug|x86.ActiveCfg = Debug|Win32
		{8A0768FD-B151-4E50-9624-56A7FE9F510D}.Debug|x86.Build.0 = Debug|Win32
		{8A0768FD-B151-4E50-9624-56A7FE9F510D}.Release|x64.ActiveCfg = Release|x64
		{8A0768FD-B151-4E50-9624-56A7FE9F510D}.Release|x64.Build.0 = Release|x64
		{8A0768FD-B151-4E50-9624-56A7FE9F510D}.Release|x86.ActiveCfg = Release|Win32
		{8A0768FD-B151-4E50-9624-56A7FE9F510D}.Release|x86.Build.0 = Release|Win32
	EndGlobalSection
	GlobalSection(SolutionProperties) = preSolution
		HideSolutionNode = FALSE
	EndGlobalSection
	GlobalSection(ExtensibilityGlobals) = postSolution
		SolutionGuid = {559CC576-D59B-4396-B836-2312B2DBBE94}
	EndGlobalSection
EndGlobal
